hash: 23271417718e09af579952232e80b88294a25944204c86411e497d65dd9031b6
updated: 2017-08-13T10:36:36.4070074-04:00
imports:
- name: github.com/mattn/go-sqlite3
  version: fba66eb11643069e747022997e9be3b502b2c6fb
- name: golang.org/x/net
  version: f315505cf3349909cdf013ea56690da34e96a451
  subpackages:
  - context
testImports: []
